{
  "name": "node",
  "version": "1.0.0",
  "lockfileVersion": 3,
  "requires": true,
  "packages": {
    "": {
      "name": "node",
      "version": "1.0.0",
      "license": "ISC",
      "dependencies": {
        "@nik-kita/brickyard": "npm:@jsr/nik-kita__brickyard@^0.1.102"
      }
    },
    "node_modules/@nik-kita/brickyard": {
      "name": "@jsr/nik-kita__brickyard",
      "version": "0.1.102",
      "resolved": "https://npm.jsr.io/~/8/@jsr/nik-kita__brickyard/0.1.102.tgz",
      "integrity": "sha512-8EuToL3/IwUSCyIDdcnCZ0Ym95VBcKVZRPD4VN7Q3/N3wx5DqwkT5ybvoMYaV95QSi1vaU2gtSsOUpA8tfFl6g=="
    }
  }
}
