{
  "name": "node",
  "version": "1.0.0",
  "lockfileVersion": 3,
  "requires": true,
  "packages": {
    "": {
      "name": "node",
      "version": "1.0.0",
      "license": "ISC",
      "dependencies": {
        "@nik-kita/brickyard": "npm:@jsr/nik-kita__brickyard@^0.1.104"
      }
    },
    "node_modules/@nik-kita/brickyard": {
      "name": "@jsr/nik-kita__brickyard",
      "version": "0.1.104",
      "resolved": "https://npm.jsr.io/~/8/@jsr/nik-kita__brickyard/0.1.104.tgz",
      "integrity": "sha512-/SJmmJuxkoW0ZXUbwCpkjsT+UB5tNonG0PYLUl1AKJeI02H7kh2AeUzZFOqhP6GQYfYAJmEi7R1Qp5IXDwysYw=="
    }
  }
}
