{
  "name": "node",
  "version": "1.0.0",
  "lockfileVersion": 3,
  "requires": true,
  "packages": {
    "": {
      "name": "node",
      "version": "1.0.0",
      "license": "ISC",
      "dependencies": {
        "@nik-kita/brickyard": "npm:@jsr/nik-kita__brickyard@^0.1.103"
      }
    },
    "node_modules/@nik-kita/brickyard": {
      "name": "@jsr/nik-kita__brickyard",
      "version": "0.1.103",
      "resolved": "https://npm.jsr.io/~/8/@jsr/nik-kita__brickyard/0.1.103.tgz",
      "integrity": "sha512-eZP94HPeD+OrNYc1+A6cNaZNqf/KdJTwWbth6hMIRaROMCm0Xd+XhtsKRcrvCf4YPmlZc7wpan3PDrUx5iEQFA=="
    }
  }
}
